
Microsoft Visual Studio Solution File, Format Version 12.00
# Visual Studio Version 16
VisualStudioVersion = 16.0.30114.105
MinimumVisualStudioVersion = 10.0.40219.1
Project("{2150E333-8FDC-42A3-9474-1A3956D46DE8}") = "cicd", "cicd", "{C11534C4-4062-4CBE-A9E7-5EB670AD6D22}"
EndProject
Project("{FAE04EC0-301F-11D3-BF4B-00C04F79EFBC}") = "Cicd.Artifacts", "cicd\Cicd.Artifacts\Cicd.Artifacts.csproj", "{FB650C7A-3473-4295-BC7F-56974B89D5CE}"
EndProject
Project("{FAE04EC0-301F-11D3-BF4B-00C04F79EFBC}") = "Cicd.BuildDriver", "cicd\Cicd.BuildDriver\Cicd.BuildDriver.csproj", "{56C212B2-A363-447D-B828-F7E64B352BE7}"
EndProject
Project("{FAE04EC0-301F-11D3-BF4B-00C04F79EFBC}") = "Cicd.DeployDriver", "cicd\Cicd.DeployDriver\Cicd.DeployDriver.csproj", "{9BA8F622-1C48-4C64-9A3A-6FA7E6983A48}"
EndProject
Project("{FAE04EC0-301F-11D3-BF4B-00C04F79EFBC}") = "Cicd.Utils", "cicd\Cicd.Utils\Cicd.Utils.csproj", "{2DFA0F2D-F671-493B-ADAB-9F582357900A}"
EndProject
Project("{2150E333-8FDC-42A3-9474-1A3956D46DE8}") = "src", "src", "{D9774768-8C51-4DFA-AFF6-B8D856891E78}"
EndProject
Project("{FAE04EC0-301F-11D3-BF4B-00C04F79EFBC}") = "CoreCommands", "src\CoreCommands\CoreCommands.csproj", "{2FF16F23-3A44-45A6-ACDC-36D63099658E}"
EndProject
Global
	GlobalSection(SolutionConfigurationPlatforms) = preSolution
		Debug|Any CPU = Debug|Any CPU
		Release|Any CPU = Release|Any CPU
	EndGlobalSection
	GlobalSection(SolutionProperties) = preSolution
		HideSolutionNode = FALSE
	EndGlobalSection
	GlobalSection(ProjectConfigurationPlatforms) = postSolution
		{FB650C7A-3473-4295-BC7F-56974B89D5CE}.Debug|Any CPU.ActiveCfg = Debug|Any CPU
		{FB650C7A-3473-4295-BC7F-56974B89D5CE}.Debug|Any CPU.Build.0 = Debug|Any CPU
		{FB650C7A-3473-4295-BC7F-56974B89D5CE}.Release|Any CPU.ActiveCfg = Release|Any CPU
		{FB650C7A-3473-4295-BC7F-56974B89D5CE}.Release|Any CPU.Build.0 = Release|Any CPU
		{56C212B2-A363-447D-B828-F7E64B352BE7}.Debug|Any CPU.ActiveCfg = Debug|Any CPU
		{56C212B2-A363-447D-B828-F7E64B352BE7}.Debug|Any CPU.Build.0 = Debug|Any CPU
		{56C212B2-A363-447D-B828-F7E64B352BE7}.Release|Any CPU.ActiveCfg = Release|Any CPU
		{56C212B2-A363-447D-B828-F7E64B352BE7}.Release|Any CPU.Build.0 = Release|Any CPU
		{9BA8F622-1C48-4C64-9A3A-6FA7E6983A48}.Debug|Any CPU.ActiveCfg = Debug|Any CPU
		{9BA8F622-1C48-4C64-9A3A-6FA7E6983A48}.Debug|Any CPU.Build.0 = Debug|Any CPU
		{9BA8F622-1C48-4C64-9A3A-6FA7E6983A48}.Release|Any CPU.ActiveCfg = Release|Any CPU
		{9BA8F622-1C48-4C64-9A3A-6FA7E6983A48}.Release|Any CPU.Build.0 = Release|Any CPU
		{2DFA0F2D-F671-493B-ADAB-9F582357900A}.Debug|Any CPU.ActiveCfg = Debug|Any CPU
		{2DFA0F2D-F671-493B-ADAB-9F582357900A}.Debug|Any CPU.Build.0 = Debug|Any CPU
		{2DFA0F2D-F671-493B-ADAB-9F582357900A}.Release|Any CPU.ActiveCfg = Release|Any CPU
		{2DFA0F2D-F671-493B-ADAB-9F582357900A}.Release|Any CPU.Build.0 = Release|Any CPU
		{2FF16F23-3A44-45A6-ACDC-36D63099658E}.Debug|Any CPU.ActiveCfg = Debug|Any CPU
		{2FF16F23-3A44-45A6-ACDC-36D63099658E}.Debug|Any CPU.Build.0 = Debug|Any CPU
		{2FF16F23-3A44-45A6-ACDC-36D63099658E}.Release|Any CPU.ActiveCfg = Release|Any CPU
		{2FF16F23-3A44-45A6-ACDC-36D63099658E}.Release|Any CPU.Build.0 = Release|Any CPU
	EndGlobalSection
	GlobalSection(NestedProjects) = preSolution
		{FB650C7A-3473-4295-BC7F-56974B89D5CE} = {C11534C4-4062-4CBE-A9E7-5EB670AD6D22}
		{56C212B2-A363-447D-B828-F7E64B352BE7} = {C11534C4-4062-4CBE-A9E7-5EB670AD6D22}
		{9BA8F622-1C48-4C64-9A3A-6FA7E6983A48} = {C11534C4-4062-4CBE-A9E7-5EB670AD6D22}
		{2DFA0F2D-F671-493B-ADAB-9F582357900A} = {C11534C4-4062-4CBE-A9E7-5EB670AD6D22}
		{2FF16F23-3A44-45A6-ACDC-36D63099658E} = {D9774768-8C51-4DFA-AFF6-B8D856891E78}
	EndGlobalSection
EndGlobal
