{
  "version": 1,
  "dependencies": {
    "net6.0": {
      "AWSSDK.CloudFormation": {
        "type": "Direct",
        "requested": "[3.7.7.18, )",
        "resolved": "3.7.7.18",
        "contentHash": "YYFNkGP1A8rem8KSqYVFjmJchJgoCCcKq5md4J8f/2nBVx7j8sWpYodAg0ENLc/DoQLw44/oX0NCsFfkbdaTlQ==",
        "dependencies": {
          "AWSSDK.Core": "[3.7.6.4, 4.0.0)"
        }
      },
      "AWSSDK.ECR": {
        "type": "Direct",
        "requested": "[3.7.2.18, )",
        "resolved": "3.7.2.18",
        "contentHash": "xB5GuRD9+zu328bMGQOYPePBNKbBMvAexcE7p6Jl81lDiwPpwYmhZLKL6ZuoG5BOfhtjbz4zPziaDdH0xvpdfw==",
        "dependencies": {
          "AWSSDK.Core": "[3.7.6.4, 4.0.0)"
        }
      },
      "AWSSDK.ECRPublic": {
        "type": "Direct",
        "requested": "[3.7.0.121, )",
        "resolved": "3.7.0.121",
        "contentHash": "o7w6YGO7Vat6rclOkItwEh0n/qxx5sJbFU3QjasADHioEGO10IfjBv5Cqrb+VZ8/G/plj4y9qm/ag2bS5nNGqA==",
        "dependencies": {
          "AWSSDK.Core": "[3.7.6.4, 4.0.0)"
        }
      },
      "Nerdbank.GitVersioning": {
        "type": "Direct",
        "requested": "[3.4.255, )",
        "resolved": "3.4.255",
        "contentHash": "7aJa6+VzdKNDVJqGIWGtvIDh2HsIx8DIDfUg4yWViXc798awhSohPMk1oiAZqSntnrKThKJtn4vAMRdsCj8dtg=="
      },
      "StyleCop.Analyzers": {
        "type": "Direct",
        "requested": "[1.2.0-beta.66, )",
        "resolved": "1.2.0-beta.66",
        "contentHash": "56BLleVxQtFMZEe9CI0H6uuBDsOXz4r1S3A/3ORO3n8voVW1jr7EFFSpExWGJT+VZgs5sSe8zdOxJEsg6MIWww==",
        "dependencies": {
          "StyleCop.Analyzers.Unstable": "1.2.0.66"
        }
      },
      "AWSSDK.Core": {
        "type": "Transitive",
        "resolved": "3.7.6.4",
        "contentHash": "0QJ0BzsYDOj8hDotth6vGVd/arA0vtOQgI0ovApAnEA5d9bsGpdS7NERPSrDyKL08xT3/pPGAex3OyvF8jNRLw=="
      },
      "StyleCop.Analyzers.Unstable": {
        "type": "Transitive",
        "resolved": "1.2.0.66",
        "contentHash": "tn26fZSw90bnUhYQOZvS6egRGUU9s+/RnxiGiXlimB44hzzARErdWyvUwO9R+1HcmEY1m9SewQDeT4HYM4oDtw=="
      }
    }
  }
}