{
  "version": 1,
  "dependencies": {
    "net6.0": {
      "AWSSDK.CloudFormation": {
        "type": "Direct",
        "requested": "[3.7.105.17, )",
        "resolved": "3.7.105.17",
        "contentHash": "mYA9deTUCWhE+k+81lt1ZF9PnaDpSf60R4yjW4gg6sTdVeckdGUefy8WVQ855LUCFB/eHVdnXfPxmi/Rqq548g==",
        "dependencies": {
          "AWSSDK.Core": "[3.7.106.31, 4.0.0)"
        }
      },
      "AWSSDK.ECR": {
        "type": "Direct",
        "requested": "[3.7.100.124, )",
        "resolved": "3.7.100.124",
        "contentHash": "zBtNjxjpO345ow+D2S6vMQjL5Wl6xNiqUokoE1ts7e2O71sT8IbhvzSJdm7AMhsgJ70dl6k2SxlYU3+sDcFeqQ==",
        "dependencies": {
          "AWSSDK.Core": "[3.7.106.31, 4.0.0)"
        }
      },
      "AWSSDK.ECRPublic": {
        "type": "Direct",
        "requested": "[3.7.102.14, )",
        "resolved": "3.7.102.14",
        "contentHash": "d5x5z9sNE0kvxlDGmXqrk2v4t6m9vKePr/7qCqo06H586qZfn4QheHCNnxq5N8Jmatp9rS0nFTNXHGQa3SoRxQ==",
        "dependencies": {
          "AWSSDK.Core": "[3.7.106.31, 4.0.0)"
        }
      },
      "Nerdbank.GitVersioning": {
        "type": "Direct",
        "requested": "[3.5.109, )",
        "resolved": "3.5.109",
        "contentHash": "tKA1XJ5U2Ytk+u2/5sGNa04Pw6z9noYmqbpmHpjvbwJTtIalqsQjnwT4RQKSDTTIznHBbKxzv3HVh8QD28Qk+g=="
      },
      "StyleCop.Analyzers": {
        "type": "Direct",
        "requested": "[1.2.0-beta.354, )",
        "resolved": "1.2.0-beta.354",
        "contentHash": "oDSJNxnEvIzAQTkpkc/FnJP4dQ7TV6fHMsI+2ckU5DOaMiwiEfh1fawMsSqz2bCoNwbTt9lS6MgYvyVKujNJoA==",
        "dependencies": {
          "StyleCop.Analyzers.Unstable": "1.2.0.354"
        }
      },
      "AWSSDK.Core": {
        "type": "Transitive",
        "resolved": "3.7.106.31",
        "contentHash": "jmiMBZLMOi6euRNSzPwBf+m/bPdicmuMkMfzG8AktYjTYwpcXPvdcckCzgbyyZu+c2Tr/xpWSSKBi0a+p0U6ag=="
      },
      "StyleCop.Analyzers.Unstable": {
        "type": "Transitive",
        "resolved": "1.2.0.354",
        "contentHash": "/3RlM31XbJ02gaWh7dVumWOyMvGHswb/zygGJXd9oEJMRyyYc/HFJlAC5gBPxvi9cB4CMvIyyUTmZz5VLKwTvg=="
      }
    }
  }
}