{
  "version": 1,
  "dependencies": {
    "net6.0": {
      "AWSSDK.CloudFormation": {
        "type": "Direct",
        "requested": "[3.7.105.7, )",
        "resolved": "3.7.105.7",
        "contentHash": "VPbfZ91xGAf6TdwdR4CvTh7aB9vnJuW2zBbyGPzeDsEI6J5gDbPxBMNc5ZiaTBG3AXWaJxi2qSF/b0O7rzUYYQ==",
        "dependencies": {
          "AWSSDK.Core": "[3.7.106.21, 4.0.0)"
        }
      },
      "AWSSDK.ECR": {
        "type": "Direct",
        "requested": "[3.7.100.114, )",
        "resolved": "3.7.100.114",
        "contentHash": "uZ3JyyftSTP+pzQh9ajk3y3iKrn14XaR9QfApyALz0yPM7c5Cn5sTegFlwQhXOXhqtkmOqg/w22E0BnpH66KOA==",
        "dependencies": {
          "AWSSDK.Core": "[3.7.106.21, 4.0.0)"
        }
      },
      "AWSSDK.ECRPublic": {
        "type": "Direct",
        "requested": "[3.7.102.4, )",
        "resolved": "3.7.102.4",
        "contentHash": "ZqamwR+wS0jRuZ5Hc/4Dkr7PZcqzdNrDEn1KzOAKhvi9G18BjzfREL0WckfYlJZbxnEvv02Q2j+ImZxFBwe06Q==",
        "dependencies": {
          "AWSSDK.Core": "[3.7.106.21, 4.0.0)"
        }
      },
      "Nerdbank.GitVersioning": {
        "type": "Direct",
        "requested": "[3.5.109, )",
        "resolved": "3.5.109",
        "contentHash": "tKA1XJ5U2Ytk+u2/5sGNa04Pw6z9noYmqbpmHpjvbwJTtIalqsQjnwT4RQKSDTTIznHBbKxzv3HVh8QD28Qk+g=="
      },
      "StyleCop.Analyzers": {
        "type": "Direct",
        "requested": "[1.2.0-beta.354, )",
        "resolved": "1.2.0-beta.354",
        "contentHash": "oDSJNxnEvIzAQTkpkc/FnJP4dQ7TV6fHMsI+2ckU5DOaMiwiEfh1fawMsSqz2bCoNwbTt9lS6MgYvyVKujNJoA==",
        "dependencies": {
          "StyleCop.Analyzers.Unstable": "1.2.0.354"
        }
      },
      "AWSSDK.Core": {
        "type": "Transitive",
        "resolved": "3.7.106.21",
        "contentHash": "NXeMfOWp1GeKod9tfbhPGtcAw6vj5b+cOocJcL5TOVfZ4QpTj+Wkjr4p0j5Q594nhTmXjXWYxU1MRzIOpn2LOg=="
      },
      "StyleCop.Analyzers.Unstable": {
        "type": "Transitive",
        "resolved": "1.2.0.354",
        "contentHash": "/3RlM31XbJ02gaWh7dVumWOyMvGHswb/zygGJXd9oEJMRyyYc/HFJlAC5gBPxvi9cB4CMvIyyUTmZz5VLKwTvg=="
      }
    }
  }
}